
Microsoft Visual Studio Solution File, Format Version 12.00
# Visual Studio Version 16
VisualStudioVersion = 16.0.29806.167
MinimumVisualStudioVersion = 10.0.40219.1
Project("{FAE04EC0-301F-11D3-BF4B-00C04F79EFBC}") = "SocialNetwork", "SocialNetwork\SocialNetwork.csproj", "{058785C0-1EF5-4D1A-B219-BEB178AAE21F}"
EndProject
Project("{FAE04EC0-301F-11D3-BF4B-00C04F79EFBC}") = "SocialNetwork.DataAccess", "SocialNetwork.DataAccess\SocialNetwork.DataAccess.csproj", "{0962E35A-3EE0-483A-922F-AC3A06E2642E}"
EndProject
Project("{FAE04EC0-301F-11D3-BF4B-00C04F79EFBC}") = "SocialNetwork.BuisnesLogic", "SocialNetwork.BuisnesLogic\SocialNetwork.BuisnesLogic.csproj", "{CF7E5EC5-167F-48FC-B46B-3F24E1DDAF47}"
EndProject
Project("{2150E333-8FDC-42A3-9474-1A3956D46DE8}") = "Solution Items", "Solution Items", "{D069F692-BC83-424C-8201-EA64BD806AAA}"
	ProjectSection(SolutionItems) = preProject
		.editorconfig = .editorconfig
	EndProjectSection
EndProject
Project("{FAE04EC0-301F-11D3-BF4B-00C04F79EFBC}") = "DAL", "DAL\DAL.csproj", "{090A225D-8F7A-40EB-98D0-9DC3C2254BD7}"
EndProject
Project("{FAE04EC0-301F-11D3-BF4B-00C04F79EFBC}") = "CassandraAccess", "CassandraAccess\CassandraAccess.csproj", "{CEE052C5-8DDB-4C6B-8D33-9C2B83589FAF}"
EndProject
Project("{FAE04EC0-301F-11D3-BF4B-00C04F79EFBC}") = "TransferData", "TransferData\TransferData.csproj", "{3DB06862-31C9-4142-9324-042C7F948DA2}"
EndProject
Global
	GlobalSection(SolutionConfigurationPlatforms) = preSolution
		Debug|Any CPU = Debug|Any CPU
		Release|Any CPU = Release|Any CPU
	EndGlobalSection
	GlobalSection(ProjectConfigurationPlatforms) = postSolution
		{058785C0-1EF5-4D1A-B219-BEB178AAE21F}.Debug|Any CPU.ActiveCfg = Debug|Any CPU
		{058785C0-1EF5-4D1A-B219-BEB178AAE21F}.Debug|Any CPU.Build.0 = Debug|Any CPU
		{058785C0-1EF5-4D1A-B219-BEB178AAE21F}.Release|Any CPU.ActiveCfg = Release|Any CPU
		{058785C0-1EF5-4D1A-B219-BEB178AAE21F}.Release|Any CPU.Build.0 = Release|Any CPU
		{0962E35A-3EE0-483A-922F-AC3A06E2642E}.Debug|Any CPU.ActiveCfg = Debug|Any CPU
		{0962E35A-3EE0-483A-922F-AC3A06E2642E}.Debug|Any CPU.Build.0 = Debug|Any CPU
		{0962E35A-3EE0-483A-922F-AC3A06E2642E}.Release|Any CPU.ActiveCfg = Release|Any CPU
		{0962E35A-3EE0-483A-922F-AC3A06E2642E}.Release|Any CPU.Build.0 = Release|Any CPU
		{CF7E5EC5-167F-48FC-B46B-3F24E1DDAF47}.Debug|Any CPU.ActiveCfg = Debug|Any CPU
		{CF7E5EC5-167F-48FC-B46B-3F24E1DDAF47}.Debug|Any CPU.Build.0 = Debug|Any CPU
		{CF7E5EC5-167F-48FC-B46B-3F24E1DDAF47}.Release|Any CPU.ActiveCfg = Release|Any CPU
		{CF7E5EC5-167F-48FC-B46B-3F24E1DDAF47}.Release|Any CPU.Build.0 = Release|Any CPU
		{090A225D-8F7A-40EB-98D0-9DC3C2254BD7}.Debug|Any CPU.ActiveCfg = Debug|Any CPU
		{090A225D-8F7A-40EB-98D0-9DC3C2254BD7}.Debug|Any CPU.Build.0 = Debug|Any CPU
		{090A225D-8F7A-40EB-98D0-9DC3C2254BD7}.Release|Any CPU.ActiveCfg = Release|Any CPU
		{090A225D-8F7A-40EB-98D0-9DC3C2254BD7}.Release|Any CPU.Build.0 = Release|Any CPU
		{CEE052C5-8DDB-4C6B-8D33-9C2B83589FAF}.Debug|Any CPU.ActiveCfg = Debug|Any CPU
		{CEE052C5-8DDB-4C6B-8D33-9C2B83589FAF}.Debug|Any CPU.Build.0 = Debug|Any CPU
		{CEE052C5-8DDB-4C6B-8D33-9C2B83589FAF}.Release|Any CPU.ActiveCfg = Release|Any CPU
		{CEE052C5-8DDB-4C6B-8D33-9C2B83589FAF}.Release|Any CPU.Build.0 = Release|Any CPU
		{3DB06862-31C9-4142-9324-042C7F948DA2}.Debug|Any CPU.ActiveCfg = Debug|Any CPU
		{3DB06862-31C9-4142-9324-042C7F948DA2}.Debug|Any CPU.Build.0 = Debug|Any CPU
		{3DB06862-31C9-4142-9324-042C7F948DA2}.Release|Any CPU.ActiveCfg = Release|Any CPU
		{3DB06862-31C9-4142-9324-042C7F948DA2}.Release|Any CPU.Build.0 = Release|Any CPU
	EndGlobalSection
	GlobalSection(SolutionProperties) = preSolution
		HideSolutionNode = FALSE
	EndGlobalSection
	GlobalSection(ExtensibilityGlobals) = postSolution
		SolutionGuid = {AE0003A7-9EE7-4404-9E70-D361523F1285}
	EndGlobalSection
EndGlobal
